
Microsoft Visual Studio Solution File, Format Version 12.00
# Visual Studio Version 16
VisualStudioVersion = 16.0.30717.126
MinimumVisualStudioVersion = 10.0.40219.1
Project("{FAE04EC0-301F-11D3-BF4B-00C04F79EFBC}") = "Estudos2", "Estudos2\Estudos2.csproj", "{80152458-C466-4044-BA65-3F8D4D1FCD30}"
EndProject
Global
	GlobalSection(SolutionConfigurationPlatforms) = preSolution
		Debug|Any CPU = Debug|Any CPU
		Release|Any CPU = Release|Any CPU
	EndGlobalSection
	GlobalSection(ProjectConfigurationPlatforms) = postSolution
		{80152458-C466-4044-BA65-3F8D4D1FCD30}.Debug|Any CPU.ActiveCfg = Debug|Any CPU
		{80152458-C466-4044-BA65-3F8D4D1FCD30}.Debug|Any CPU.Build.0 = Debug|Any CPU
		{80152458-C466-4044-BA65-3F8D4D1FCD30}.Release|Any CPU.ActiveCfg = Release|Any CPU
		{80152458-C466-4044-BA65-3F8D4D1FCD30}.Release|Any CPU.Build.0 = Release|Any CPU
	EndGlobalSection
	GlobalSection(SolutionProperties) = preSolution
		HideSolutionNode = FALSE
	EndGlobalSection
	GlobalSection(ExtensibilityGlobals) = postSolution
		SolutionGuid = {583C06AE-58BF-4B9A-9AB5-59B78953D9A4}
	EndGlobalSection
EndGlobal
