
Microsoft Visual Studio Solution File, Format Version 12.00
# Visual Studio Version 16
VisualStudioVersion = 16.0.30717.126
MinimumVisualStudioVersion = 10.0.40219.1
Project("{FAE04EC0-301F-11D3-BF4B-00C04F79EFBC}") = "ExercicioProduto", "ExercicioProduto\ExercicioProduto.csproj", "{1A259AC8-52FA-4867-B117-000B00A0C8AB}"
EndProject
Global
	GlobalSection(SolutionConfigurationPlatforms) = preSolution
		Debug|Any CPU = Debug|Any CPU
		Release|Any CPU = Release|Any CPU
	EndGlobalSection
	GlobalSection(ProjectConfigurationPlatforms) = postSolution
		{1A259AC8-52FA-4867-B117-000B00A0C8AB}.Debug|Any CPU.ActiveCfg = Debug|Any CPU
		{1A259AC8-52FA-4867-B117-000B00A0C8AB}.Debug|Any CPU.Build.0 = Debug|Any CPU
		{1A259AC8-52FA-4867-B117-000B00A0C8AB}.Release|Any CPU.ActiveCfg = Release|Any CPU
		{1A259AC8-52FA-4867-B117-000B00A0C8AB}.Release|Any CPU.Build.0 = Release|Any CPU
	EndGlobalSection
	GlobalSection(SolutionProperties) = preSolution
		HideSolutionNode = FALSE
	EndGlobalSection
	GlobalSection(ExtensibilityGlobals) = postSolution
		SolutionGuid = {3A1F9C99-943D-4BEB-AA65-1A8A35189225}
	EndGlobalSection
EndGlobal
